
Microsoft Visual Studio Solution File, Format Version 12.00
# Visual Studio Version 17
VisualStudioVersion = 17.14.36310.24 d17.14
MinimumVisualStudioVersion = 10.0.40219.1
Project("{FAE04EC0-301F-11D3-BF4B-00C04F79EFBC}") = "EngineeringManagement", "EngineeringManagement\EngineeringManagement.csproj", "{08429F43-562E-4316-8B32-DCFB904B5CD0}"
EndProject
Global
	GlobalSection(SolutionConfigurationPlatforms) = preSolution
		Debug|Any CPU = Debug|Any CPU
		Release|Any CPU = Release|Any CPU
	EndGlobalSection
	GlobalSection(ProjectConfigurationPlatforms) = postSolution
		{08429F43-562E-4316-8B32-DCFB904B5CD0}.Debug|Any CPU.ActiveCfg = Debug|Any CPU
		{08429F43-562E-4316-8B32-DCFB904B5CD0}.Debug|Any CPU.Build.0 = Debug|Any CPU
		{08429F43-562E-4316-8B32-DCFB904B5CD0}.Release|Any CPU.ActiveCfg = Release|Any CPU
		{08429F43-562E-4316-8B32-DCFB904B5CD0}.Release|Any CPU.Build.0 = Release|Any CPU
	EndGlobalSection
	GlobalSection(SolutionProperties) = preSolution
		HideSolutionNode = FALSE
	EndGlobalSection
	GlobalSection(ExtensibilityGlobals) = postSolution
		SolutionGuid = {95DD5584-E2C5-4494-8F5E-7CF57B074DD6}
	EndGlobalSection
EndGlobal
